
Microsoft Visual Studio Solution File, Format Version 12.00
# Visual Studio Version 17
VisualStudioVersion = 17.12.35521.163 d17.12
MinimumVisualStudioVersion = 10.0.40219.1
Project("{FAE04EC0-301F-11D3-BF4B-00C04F79EFBC}") = "Presentation", "Presentation\Presentation.csproj", "{F7A6D9FD-A8C4-4F17-8FA0-854CED6EF784}"
	ProjectSection(ProjectDependencies) = postProject
		{AE6290C6-78A3-401D-9BAA-3C81E0547063} = {AE6290C6-78A3-401D-9BAA-3C81E0547063}
	EndProjectSection
EndProject
Project("{FAE04EC0-301F-11D3-BF4B-00C04F79EFBC}") = "Data", "Data\Data.csproj", "{B5EB2A76-7FAE-4153-B948-E90E5780ACC8}"
EndProject
Project("{FAE04EC0-301F-11D3-BF4B-00C04F79EFBC}") = "Business", "Business\Business.csproj", "{AE6290C6-78A3-401D-9BAA-3C81E0547063}"
	ProjectSection(ProjectDependencies) = postProject
		{B5EB2A76-7FAE-4153-B948-E90E5780ACC8} = {B5EB2A76-7FAE-4153-B948-E90E5780ACC8}
	EndProjectSection
EndProject
Global
	GlobalSection(SolutionConfigurationPlatforms) = preSolution
		Debug|Any CPU = Debug|Any CPU
		Release|Any CPU = Release|Any CPU
	EndGlobalSection
	GlobalSection(ProjectConfigurationPlatforms) = postSolution
		{F7A6D9FD-A8C4-4F17-8FA0-854CED6EF784}.Debug|Any CPU.ActiveCfg = Debug|Any CPU
		{F7A6D9FD-A8C4-4F17-8FA0-854CED6EF784}.Debug|Any CPU.Build.0 = Debug|Any CPU
		{F7A6D9FD-A8C4-4F17-8FA0-854CED6EF784}.Release|Any CPU.ActiveCfg = Release|Any CPU
		{F7A6D9FD-A8C4-4F17-8FA0-854CED6EF784}.Release|Any CPU.Build.0 = Release|Any CPU
		{B5EB2A76-7FAE-4153-B948-E90E5780ACC8}.Debug|Any CPU.ActiveCfg = Debug|Any CPU
		{B5EB2A76-7FAE-4153-B948-E90E5780ACC8}.Debug|Any CPU.Build.0 = Debug|Any CPU
		{B5EB2A76-7FAE-4153-B948-E90E5780ACC8}.Release|Any CPU.ActiveCfg = Release|Any CPU
		{B5EB2A76-7FAE-4153-B948-E90E5780ACC8}.Release|Any CPU.Build.0 = Release|Any CPU
		{AE6290C6-78A3-401D-9BAA-3C81E0547063}.Debug|Any CPU.ActiveCfg = Debug|Any CPU
		{AE6290C6-78A3-401D-9BAA-3C81E0547063}.Debug|Any CPU.Build.0 = Debug|Any CPU
		{AE6290C6-78A3-401D-9BAA-3C81E0547063}.Release|Any CPU.ActiveCfg = Release|Any CPU
		{AE6290C6-78A3-401D-9BAA-3C81E0547063}.Release|Any CPU.Build.0 = Release|Any CPU
	EndGlobalSection
	GlobalSection(SolutionProperties) = preSolution
		HideSolutionNode = FALSE
	EndGlobalSection
EndGlobal
